// !$*UTF8*$!
{
	archiveVersion = 1;
	classes = {
	};
	objectVersion = 46;
	objects = {

/* Begin PBXBuildFile section */
		7C726FE68CF7F686D0CF91DE /* Pods_PetHelper.framework in Frameworks */ = {isa = PBXBuildFile; fileRef = 184D2B6226A109553AD7C781 /* Pods_PetHelper.framework */; };
		FE1B0D3D1F016D4E00BCB506 /* DoctorView.storyboard in Resources */ = {isa = PBXBuildFile; fileRef = FE1B0D3C1F016D4E00BCB506 /* DoctorView.storyboard */; };
		FE1B0D3F1F016FEC00BCB506 /* DoctorViewController.swift in Sources */ = {isa = PBXBuildFile; fileRef = FE1B0D3E1F016FEC00BCB506 /* DoctorViewController.swift */; };
		FE1B0D411F01722000BCB506 /* DoctorCreateDealController.swift in Sources */ = {isa = PBXBuildFile; fileRef = FE1B0D401F01722000BCB506 /* DoctorCreateDealController.swift */; };
		FE1B0D431F0198B500BCB506 /* DoctorHistoryController.swift in Sources */ = {isa = PBXBuildFile; fileRef = FE1B0D421F0198B500BCB506 /* DoctorHistoryController.swift */; };
		FE1B0D451F01A1B400BCB506 /* FosterView.storyboard in Resources */ = {isa = PBXBuildFile; fileRef = FE1B0D441F01A1B400BCB506 /* FosterView.storyboard */; };
		FE61821E1F02053B0056D95D /* DoctorHistoryCell.swift in Sources */ = {isa = PBXBuildFile; fileRef = FE61821D1F02053B0056D95D /* DoctorHistoryCell.swift */; };
		FE6182201F020B030056D95D /* FosterViewController.swift in Sources */ = {isa = PBXBuildFile; fileRef = FE61821F1F020B030056D95D /* FosterViewController.swift */; };
		FE6182221F020B480056D95D /* FosterCreateEventController.swift in Sources */ = {isa = PBXBuildFile; fileRef = FE6182211F020B480056D95D /* FosterCreateEventController.swift */; };
		FE6182241F020B760056D95D /* FosterHistoryController.swift in Sources */ = {isa = PBXBuildFile; fileRef = FE6182231F020B760056D95D /* FosterHistoryController.swift */; };
		FE6182261F020BF50056D95D /* FosterHistoryInfoController.swift in Sources */ = {isa = PBXBuildFile; fileRef = FE6182251F020BF50056D95D /* FosterHistoryInfoController.swift */; };
		FE6182281F020CBF0056D95D /* DoctorHistoryInfoController.swift in Sources */ = {isa = PBXBuildFile; fileRef = FE6182271F020CBF0056D95D /* DoctorHistoryInfoController.swift */; };
		FE61822C1F020E2A0056D95D /* FosterHistoryCell.swift in Sources */ = {isa = PBXBuildFile; fileRef = FE61822B1F020E2A0056D95D /* FosterHistoryCell.swift */; };
		FE6182311F0211E30056D95D /* MemberView.storyboard in Resources */ = {isa = PBXBuildFile; fileRef = FE6182301F0211E30056D95D /* MemberView.storyboard */; };
		FE6182351F0223360056D95D /* MenberActionView.storyboard in Resources */ = {isa = PBXBuildFile; fileRef = FE6182341F0223360056D95D /* MenberActionView.storyboard */; };
		FEBA1B191EFFFE8700C66055 /* MapView.storyboard in Resources */ = {isa = PBXBuildFile; fileRef = FEBA1B181EFFFE8700C66055 /* MapView.storyboard */; };
		FEBA1B1B1F00012B00C66055 /* MapViewController.swift in Sources */ = {isa = PBXBuildFile; fileRef = FEBA1B1A1F00012B00C66055 /* MapViewController.swift */; };
		FEBA1B1D1F001C2300C66055 /* SearchResultsController.swift in Sources */ = {isa = PBXBuildFile; fileRef = FEBA1B1C1F001C2300C66055 /* SearchResultsController.swift */; };
		FEE7C77F1EEC4D9F00D75C03 /* AppDelegate.swift in Sources */ = {isa = PBXBuildFile; fileRef = FEE7C77E1EEC4D9F00D75C03 /* AppDelegate.swift */; };
		FEE7C7811EEC4D9F00D75C03 /* ViewController.swift in Sources */ = {isa = PBXBuildFile; fileRef = FEE7C7801EEC4D9F00D75C03 /* ViewController.swift */; };
		FEE7C7841EEC4D9F00D75C03 /* Main.storyboard in Resources */ = {isa = PBXBuildFile; fileRef = FEE7C7821EEC4D9F00D75C03 /* Main.storyboard */; };
		FEE7C7861EEC4D9F00D75C03 /* Assets.xcassets in Resources */ = {isa = PBXBuildFile; fileRef = FEE7C7851EEC4D9F00D75C03 /* Assets.xcassets */; };
		FEE7C7891EEC4D9F00D75C03 /* LaunchScreen.storyboard in Resources */ = {isa = PBXBuildFile; fileRef = FEE7C7871EEC4D9F00D75C03 /* LaunchScreen.storyboard */; };
		FEE7C7961EEC533300D75C03 /* GoogleService-Info.plist in Resources */ = {isa = PBXBuildFile; fileRef = FEE7C7951EEC533300D75C03 /* GoogleService-Info.plist */; };
/* End PBXBuildFile section */

/* Begin PBXFileReference section */
		184D2B6226A109553AD7C781 /* Pods_PetHelper.framework */ = {isa = PBXFileReference; explicitFileType = wrapper.framework; includeInIndex = 0; path = Pods_PetHelper.framework; sourceTree = BUILT_PRODUCTS_DIR; };
		2AF514B41981E9B7020E7AB7 /* Pods-PetHelper.debug.xcconfig */ = {isa = PBXFileReference; includeInIndex = 1; lastKnownFileType = text.xcconfig; name = "Pods-PetHelper.debug.xcconfig"; path = "Pods/Target Support Files/Pods-PetHelper/Pods-PetHelper.debug.xcconfig"; sourceTree = "<group>"; };
		A0502D16141E9B53A755CFC9 /* Pods-PetHelper.release.xcconfig */ = {isa = PBXFileReference; includeInIndex = 1; lastKnownFileType = text.xcconfig; name = "Pods-PetHelper.release.xcconfig"; path = "Pods/Target Support Files/Pods-PetHelper/Pods-PetHelper.release.xcconfig"; sourceTree = "<group>"; };
		FE10C3311F010FBC00AAF00A /* Location.gpx */ = {isa = PBXFileReference; lastKnownFileType = text.xml; path = Location.gpx; sourceTree = "<group>"; };
		FE1B0D3C1F016D4E00BCB506 /* DoctorView.storyboard */ = {isa = PBXFileReference; fileEncoding = 4; lastKnownFileType = file.storyboard; path = DoctorView.storyboard; sourceTree = "<group>"; };
		FE1B0D3E1F016FEC00BCB506 /* DoctorViewController.swift */ = {isa = PBXFileReference; fileEncoding = 4; lastKnownFileType = sourcecode.swift; path = DoctorViewController.swift; sourceTree = "<group>"; };
		FE1B0D401F01722000BCB506 /* DoctorCreateDealController.swift */ = {isa = PBXFileReference; fileEncoding = 4; lastKnownFileType = sourcecode.swift; path = DoctorCreateDealController.swift; sourceTree = "<group>"; };
		FE1B0D421F0198B500BCB506 /* DoctorHistoryController.swift */ = {isa = PBXFileReference; fileEncoding = 4; lastKnownFileType = sourcecode.swift; path = DoctorHistoryController.swift; sourceTree = "<group>"; };
		FE1B0D441F01A1B400BCB506 /* FosterView.storyboard */ = {isa = PBXFileReference; fileEncoding = 4; lastKnownFileType = file.storyboard; path = FosterView.storyboard; sourceTree = "<group>"; };
		FE61821D1F02053B0056D95D /* DoctorHistoryCell.swift */ = {isa = PBXFileReference; fileEncoding = 4; lastKnownFileType = sourcecode.swift; path = DoctorHistoryCell.swift; sourceTree = "<group>"; };
		FE61821F1F020B030056D95D /* FosterViewController.swift */ = {isa = PBXFileReference; fileEncoding = 4; lastKnownFileType = sourcecode.swift; path = FosterViewController.swift; sourceTree = "<group>"; };
		FE6182211F020B480056D95D /* FosterCreateEventController.swift */ = {isa = PBXFileReference; fileEncoding = 4; lastKnownFileType = sourcecode.swift; path = FosterCreateEventController.swift; sourceTree = "<group>"; };
		FE6182231F020B760056D95D /* FosterHistoryController.swift */ = {isa = PBXFileReference; fileEncoding = 4; lastKnownFileType = sourcecode.swift; path = FosterHistoryController.swift; sourceTree = "<group>"; };
		FE6182251F020BF50056D95D /* FosterHistoryInfoController.swift */ = {isa = PBXFileReference; fileEncoding = 4; lastKnownFileType = sourcecode.swift; path = FosterHistoryInfoController.swift; sourceTree = "<group>"; };
		FE6182271F020CBF0056D95D /* DoctorHistoryInfoController.swift */ = {isa = PBXFileReference; fileEncoding = 4; lastKnownFileType = sourcecode.swift; path = DoctorHistoryInfoController.swift; sourceTree = "<group>"; };
		FE61822B1F020E2A0056D95D /* FosterHistoryCell.swift */ = {isa = PBXFileReference; fileEncoding = 4; lastKnownFileType = sourcecode.swift; path = FosterHistoryCell.swift; sourceTree = "<group>"; };
		FE6182301F0211E30056D95D /* MemberView.storyboard */ = {isa = PBXFileReference; fileEncoding = 4; lastKnownFileType = file.storyboard; path = MemberView.storyboard; sourceTree = "<group>"; };
		FE6182341F0223360056D95D /* MenberActionView.storyboard */ = {isa = PBXFileReference; fileEncoding = 4; lastKnownFileType = file.storyboard; path = MenberActionView.storyboard; sourceTree = "<group>"; };
		FEBA1B181EFFFE8700C66055 /* MapView.storyboard */ = {isa = PBXFileReference; fileEncoding = 4; lastKnownFileType = file.storyboard; path = MapView.storyboard; sourceTree = "<group>"; };
		FEBA1B1A1F00012B00C66055 /* MapViewController.swift */ = {isa = PBXFileReference; fileEncoding = 4; lastKnownFileType = sourcecode.swift; path = MapViewController.swift; sourceTree = "<group>"; };
		FEBA1B1C1F001C2300C66055 /* SearchResultsController.swift */ = {isa = PBXFileReference; fileEncoding = 4; lastKnownFileType = sourcecode.swift; path = SearchResultsController.swift; sourceTree = "<group>"; };
		FEE7C77B1EEC4D9F00D75C03 /* PetHelper.app */ = {isa = PBXFileReference; explicitFileType = wrapper.application; includeInIndex = 0; path = PetHelper.app; sourceTree = BUILT_PRODUCTS_DIR; };
		FEE7C77E1EEC4D9F00D75C03 /* AppDelegate.swift */ = {isa = PBXFileReference; lastKnownFileType = sourcecode.swift; path = AppDelegate.swift; sourceTree = "<group>"; };
		FEE7C7801EEC4D9F00D75C03 /* ViewController.swift */ = {isa = PBXFileReference; lastKnownFileType = sourcecode.swift; name = ViewController.swift; path = ../ViewController.swift; sourceTree = "<group>"; };
		FEE7C7831EEC4D9F00D75C03 /* Base */ = {isa = PBXFileReference; lastKnownFileType = file.storyboard; name = Base; path = Base.lproj/Main.storyboard; sourceTree = "<group>"; };
		FEE7C7851EEC4D9F00D75C03 /* Assets.xcassets */ = {isa = PBXFileReference; lastKnownFileType = folder.assetcatalog; name = Assets.xcassets; path = ../Assets.xcassets; sourceTree = "<group>"; };
		FEE7C7881EEC4D9F00D75C03 /* Base */ = {isa = PBXFileReference; lastKnownFileType = file.storyboard; name = Base; path = Base.lproj/LaunchScreen.storyboard; sourceTree = "<group>"; };
		FEE7C78A1EEC4D9F00D75C03 /* Info.plist */ = {isa = PBXFileReference; lastKnownFileType = text.plist.xml; path = Info.plist; sourceTree = "<group>"; };
		FEE7C7951EEC533300D75C03 /* GoogleService-Info.plist */ = {isa = PBXFileReference; fileEncoding = 4; lastKnownFileType = text.plist.xml; path = "GoogleService-Info.plist"; sourceTree = "<group>"; };
/* End PBXFileReference section */

/* Begin PBXFrameworksBuildPhase section */
		FEE7C7781EEC4D9F00D75C03 /* Frameworks */ = {
			isa = PBXFrameworksBuildPhase;
			buildActionMask = 2147483647;
			files = (
				7C726FE68CF7F686D0CF91DE /* Pods_PetHelper.framework in Frameworks */,
			);
			runOnlyForDeploymentPostprocessing = 0;
		};
/* End PBXFrameworksBuildPhase section */

/* Begin PBXGroup section */
		36E62D1B268D193CFB43A15D /* Frameworks */ = {
			isa = PBXGroup;
			children = (
				184D2B6226A109553AD7C781 /* Pods_PetHelper.framework */,
			);
			name = Frameworks;
			sourceTree = "<group>";
		};
		42EDA85A12F895B9A127F1B8 /* Pods */ = {
			isa = PBXGroup;
			children = (
				2AF514B41981E9B7020E7AB7 /* Pods-PetHelper.debug.xcconfig */,
				A0502D16141E9B53A755CFC9 /* Pods-PetHelper.release.xcconfig */,
			);
			name = Pods;
			sourceTree = "<group>";
		};
		FE61822D1F0211580056D95D /* Doctor */ = {
			isa = PBXGroup;
			children = (
				FE1B0D401F01722000BCB506 /* DoctorCreateDealController.swift */,
				FE61821D1F02053B0056D95D /* DoctorHistoryCell.swift */,
				FE1B0D421F0198B500BCB506 /* DoctorHistoryController.swift */,
				FE6182271F020CBF0056D95D /* DoctorHistoryInfoController.swift */,
				FE1B0D3E1F016FEC00BCB506 /* DoctorViewController.swift */,
			);
			name = Doctor;
			sourceTree = "<group>";
		};
		FE61822E1F02116F0056D95D /* Foster */ = {
			isa = PBXGroup;
			children = (
				FE6182211F020B480056D95D /* FosterCreateEventController.swift */,
				FE61822B1F020E2A0056D95D /* FosterHistoryCell.swift */,
				FE6182231F020B760056D95D /* FosterHistoryController.swift */,
				FE6182251F020BF50056D95D /* FosterHistoryInfoController.swift */,
				FE61821F1F020B030056D95D /* FosterViewController.swift */,
			);
			name = Foster;
			sourceTree = "<group>";
		};
		FE61822F1F02117F0056D95D /* Member */ = {
			isa = PBXGroup;
			children = (
			);
			name = Member;
			sourceTree = "<group>";
		};
		FEE7C7721EEC4D9E00D75C03 = {
			isa = PBXGroup;
			children = (
				FEE7C77D1EEC4D9F00D75C03 /* PetHelper */,
				FEE7C77C1EEC4D9F00D75C03 /* Products */,
				42EDA85A12F895B9A127F1B8 /* Pods */,
				36E62D1B268D193CFB43A15D /* Frameworks */,
			);
			sourceTree = "<group>";
		};
		FEE7C77C1EEC4D9F00D75C03 /* Products */ = {
			isa = PBXGroup;
			children = (
				FEE7C77B1EEC4D9F00D75C03 /* PetHelper.app */,
			);
			name = Products;
			sourceTree = "<group>";
		};
		FEE7C77D1EEC4D9F00D75C03 /* PetHelper */ = {
			isa = PBXGroup;
			children = (
				FEE7C7901EEC4DE300D75C03 /* Controller */,
				FEE7C7911EEC4DE300D75C03 /* Helper */,
				FEE7C7921EEC4DE300D75C03 /* Model */,
				FEE7C7931EEC4DE300D75C03 /* Resources */,
				FEE7C7941EEC4DE300D75C03 /* View */,
				FEE7C77E1EEC4D9F00D75C03 /* AppDelegate.swift */,
				FEE7C78A1EEC4D9F00D75C03 /* Info.plist */,
				FEE7C7951EEC533300D75C03 /* GoogleService-Info.plist */,
			);
			path = PetHelper;
			sourceTree = "<group>";
		};
		FEE7C7901EEC4DE300D75C03 /* Controller */ = {
			isa = PBXGroup;
			children = (
				FE61822F1F02117F0056D95D /* Member */,
				FE61822E1F02116F0056D95D /* Foster */,
				FE61822D1F0211580056D95D /* Doctor */,
				FEBA1B1A1F00012B00C66055 /* MapViewController.swift */,
				FEBA1B1C1F001C2300C66055 /* SearchResultsController.swift */,
				FEE7C7801EEC4D9F00D75C03 /* ViewController.swift */,
			);
			path = Controller;
			sourceTree = "<group>";
		};
		FEE7C7911EEC4DE300D75C03 /* Helper */ = {
			isa = PBXGroup;
			children = (
			);
			path = Helper;
			sourceTree = "<group>";
		};
		FEE7C7921EEC4DE300D75C03 /* Model */ = {
			isa = PBXGroup;
			children = (
			);
			path = Model;
			sourceTree = "<group>";
		};
		FEE7C7931EEC4DE300D75C03 /* Resources */ = {
			isa = PBXGroup;
			children = (
				FEE7C7851EEC4D9F00D75C03 /* Assets.xcassets */,
				FE10C3311F010FBC00AAF00A /* Location.gpx */,
			);
			path = Resources;
			sourceTree = "<group>";
		};
		FEE7C7941EEC4DE300D75C03 /* View */ = {
			isa = PBXGroup;
			children = (
				FE1B0D3C1F016D4E00BCB506 /* DoctorView.storyboard */,
				FEE7C7871EEC4D9F00D75C03 /* LaunchScreen.storyboard */,
				FEE7C7821EEC4D9F00D75C03 /* Main.storyboard */,
				FEBA1B181EFFFE8700C66055 /* MapView.storyboard */,
				FE1B0D441F01A1B400BCB506 /* FosterView.storyboard */,
				FE6182301F0211E30056D95D /* MemberView.storyboard */,
				FE6182341F0223360056D95D /* MenberActionView.storyboard */,
			);
			path = View;
			sourceTree = "<group>";
		};
/* End PBXGroup section */

/* Begin PBXNativeTarget section */
		FEE7C77A1EEC4D9F00D75C03 /* PetHelper */ = {
			isa = PBXNativeTarget;
			buildConfigurationList = FEE7C78D1EEC4D9F00D75C03 /* Build configuration list for PBXNativeTarget "PetHelper" */;
			buildPhases = (
				C8B930F8FC4D37F747835CAB /* [CP] Check Pods Manifest.lock */,
				FEE7C7771EEC4D9F00D75C03 /* Sources */,
				FEE7C7781EEC4D9F00D75C03 /* Frameworks */,
				FEE7C7791EEC4D9F00D75C03 /* Resources */,
				009A4954E93F0D7F19DDCBF5 /* [CP] Embed Pods Frameworks */,
				EB6DEE871AE76A0B538B452F /* [CP] Copy Pods Resources */,
			);
			buildRules = (
			);
			dependencies = (
			);
			name = PetHelper;
			productName = PetHelper;
			productReference = FEE7C77B1EEC4D9F00D75C03 /* PetHelper.app */;
			productType = "com.apple.product-type.application";
		};
/* End PBXNativeTarget section */

/* Begin PBXProject section */
		FEE7C7731EEC4D9E00D75C03 /* Project object */ = {
			isa = PBXProject;
			attributes = {
				LastSwiftUpdateCheck = 0830;
				LastUpgradeCheck = 0830;
				ORGANIZATIONNAME = SUAY555;
				TargetAttributes = {
					FEE7C77A1EEC4D9F00D75C03 = {
						CreatedOnToolsVersion = 8.3.2;
						ProvisioningStyle = Automatic;
					};
				};
			};
			buildConfigurationList = FEE7C7761EEC4D9E00D75C03 /* Build configuration list for PBXProject "PetHelper" */;
			compatibilityVersion = "Xcode 3.2";
			developmentRegion = English;
			hasScannedForEncodings = 0;
			knownRegions = (
				en,
				Base,
			);
			mainGroup = FEE7C7721EEC4D9E00D75C03;
			productRefGroup = FEE7C77C1EEC4D9F00D75C03 /* Products */;
			projectDirPath = "";
			projectRoot = "";
			targets = (
				FEE7C77A1EEC4D9F00D75C03 /* PetHelper */,
			);
		};
/* End PBXProject section */

/* Begin PBXResourcesBuildPhase section */
		FEE7C7791EEC4D9F00D75C03 /* Resources */ = {
			isa = PBXResourcesBuildPhase;
			buildActionMask = 2147483647;
			files = (
				FE1B0D451F01A1B400BCB506 /* FosterView.storyboard in Resources */,
				FEE7C7891EEC4D9F00D75C03 /* LaunchScreen.storyboard in Resources */,
				FEE7C7961EEC533300D75C03 /* GoogleService-Info.plist in Resources */,
				FE1B0D3D1F016D4E00BCB506 /* DoctorView.storyboard in Resources */,
				FEE7C7861EEC4D9F00D75C03 /* Assets.xcassets in Resources */,
				FE6182351F0223360056D95D /* MenberActionView.storyboard in Resources */,
				FEBA1B191EFFFE8700C66055 /* MapView.storyboard in Resources */,
				FEE7C7841EEC4D9F00D75C03 /* Main.storyboard in Resources */,
				FE6182311F0211E30056D95D /* MemberView.storyboard in Resources */,
			);
			runOnlyForDeploymentPostprocessing = 0;
		};
/* End PBXResourcesBuildPhase section */

/* Begin PBXShellScriptBuildPhase section */
		009A4954E93F0D7F19DDCBF5 /* [CP] Embed Pods Frameworks */ = {
			isa = PBXShellScriptBuildPhase;
			buildActionMask = 2147483647;
			files = (
			);
			inputPaths = (
			);
			name = "[CP] Embed Pods Frameworks";
			outputPaths = (
			);
			runOnlyForDeploymentPostprocessing = 0;
			shellPath = /bin/sh;
			shellScript = "\"${SRCROOT}/Pods/Target Support Files/Pods-PetHelper/Pods-PetHelper-frameworks.sh\"\n";
			showEnvVarsInLog = 0;
		};
		C8B930F8FC4D37F747835CAB /* [CP] Check Pods Manifest.lock */ = {
			isa = PBXShellScriptBuildPhase;
			buildActionMask = 2147483647;
			files = (
			);
			inputPaths = (
			);
			name = "[CP] Check Pods Manifest.lock";
			outputPaths = (
			);
			runOnlyForDeploymentPostprocessing = 0;
			shellPath = /bin/sh;
			shellScript = "diff \"${PODS_PODFILE_DIR_PATH}/Podfile.lock\" \"${PODS_ROOT}/Manifest.lock\" > /dev/null\nif [ $? != 0 ] ; then\n    # print error to STDERR\n    echo \"error: The sandbox is not in sync with the Podfile.lock. Run 'pod install' or update your CocoaPods installation.\" >&2\n    exit 1\nfi\n";
			showEnvVarsInLog = 0;
		};
		EB6DEE871AE76A0B538B452F /* [CP] Copy Pods Resources */ = {
			isa = PBXShellScriptBuildPhase;
			buildActionMask = 2147483647;
			files = (
			);
			inputPaths = (
			);
			name = "[CP] Copy Pods Resources";
			outputPaths = (
			);
			runOnlyForDeploymentPostprocessing = 0;
			shellPath = /bin/sh;
			shellScript = "\"${SRCROOT}/Pods/Target Support Files/Pods-PetHelper/Pods-PetHelper-resources.sh\"\n";
			showEnvVarsInLog = 0;
		};
/* End PBXShellScriptBuildPhase section */

/* Begin PBXSourcesBuildPhase section */
		FEE7C7771EEC4D9F00D75C03 /* Sources */ = {
			isa = PBXSourcesBuildPhase;
			buildActionMask = 2147483647;
			files = (
				FEBA1B1D1F001C2300C66055 /* SearchResultsController.swift in Sources */,
				FE1B0D3F1F016FEC00BCB506 /* DoctorViewController.swift in Sources */,
				FE1B0D411F01722000BCB506 /* DoctorCreateDealController.swift in Sources */,
				FE6182261F020BF50056D95D /* FosterHistoryInfoController.swift in Sources */,
				FE1B0D431F0198B500BCB506 /* DoctorHistoryController.swift in Sources */,
				FE61822C1F020E2A0056D95D /* FosterHistoryCell.swift in Sources */,
				FEE7C7811EEC4D9F00D75C03 /* ViewController.swift in Sources */,
				FE6182221F020B480056D95D /* FosterCreateEventController.swift in Sources */,
				FEBA1B1B1F00012B00C66055 /* MapViewController.swift in Sources */,
				FE6182281F020CBF0056D95D /* DoctorHistoryInfoController.swift in Sources */,
				FE6182241F020B760056D95D /* FosterHistoryController.swift in Sources */,
				FEE7C77F1EEC4D9F00D75C03 /* AppDelegate.swift in Sources */,
				FE6182201F020B030056D95D /* FosterViewController.swift in Sources */,
				FE61821E1F02053B0056D95D /* DoctorHistoryCell.swift in Sources */,
			);
			runOnlyForDeploymentPostprocessing = 0;
		};
/* End PBXSourcesBuildPhase section */

/* Begin PBXVariantGroup section */
		FEE7C7821EEC4D9F00D75C03 /* Main.storyboard */ = {
			isa = PBXVariantGroup;
			children = (
				FEE7C7831EEC4D9F00D75C03 /* Base */,
			);
			name = Main.storyboard;
			path = ..;
			sourceTree = "<group>";
		};
		FEE7C7871EEC4D9F00D75C03 /* LaunchScreen.storyboard */ = {
			isa = PBXVariantGroup;
			children = (
				FEE7C7881EEC4D9F00D75C03 /* Base */,
			);
			name = LaunchScreen.storyboard;
			path = ..;
			sourceTree = "<group>";
		};
/* End PBXVariantGroup section */

/* Begin XCBuildConfiguration section */
		FEE7C78B1EEC4D9F00D75C03 /* Debug */ = {
			isa = XCBuildConfiguration;
			buildSettings = {
				ALWAYS_SEARCH_USER_PATHS = NO;
				CLANG_ANALYZER_NONNULL = YES;
				CLANG_ANALYZER_NUMBER_OBJECT_CONVERSION = YES_AGGRESSIVE;
				CLANG_CXX_LANGUAGE_STANDARD = "gnu++0x";
				CLANG_CXX_LIBRARY = "libc++";
				CLANG_ENABLE_MODULES = YES;
				CLANG_ENABLE_OBJC_ARC = YES;
				CLANG_WARN_BOOL_CONVERSION = YES;
				CLANG_WARN_CONSTANT_CONVERSION = YES;
				CLANG_WARN_DIRECT_OBJC_ISA_USAGE = YES_ERROR;
				CLANG_WARN_DOCUMENTATION_COMMENTS = YES;
				CLANG_WARN_EMPTY_BODY = YES;
				CLANG_WARN_ENUM_CONVERSION = YES;
				CLANG_WARN_INFINITE_RECURSION = YES;
				CLANG_WARN_INT_CONVERSION = YES;
				CLANG_WARN_OBJC_ROOT_CLASS = YES_ERROR;
				CLANG_WARN_SUSPICIOUS_MOVE = YES;
				CLANG_WARN_UNREACHABLE_CODE = YES;
				CLANG_WARN__DUPLICATE_METHOD_MATCH = YES;
				"CODE_SIGN_IDENTITY[sdk=iphoneos*]" = "iPhone Developer";
				COPY_PHASE_STRIP = NO;
				DEBUG_INFORMATION_FORMAT = dwarf;
				ENABLE_STRICT_OBJC_MSGSEND = YES;
				ENABLE_TESTABILITY = YES;
				GCC_C_LANGUAGE_STANDARD = gnu99;
				GCC_DYNAMIC_NO_PIC = NO;
				GCC_NO_COMMON_BLOCKS = YES;
				GCC_OPTIMIZATION_LEVEL = 0;
				GCC_PREPROCESSOR_DEFINITIONS = (
					"DEBUG=1",
					"$(inherited)",
				);
				GCC_WARN_64_TO_32_BIT_CONVERSION = YES;
				GCC_WARN_ABOUT_RETURN_TYPE = YES_ERROR;
				GCC_WARN_UNDECLARED_SELECTOR = YES;
				GCC_WARN_UNINITIALIZED_AUTOS = YES_AGGRESSIVE;
				GCC_WARN_UNUSED_FUNCTION = YES;
				GCC_WARN_UNUSED_VARIABLE = YES;
				IPHONEOS_DEPLOYMENT_TARGET = 10.3;
				MTL_ENABLE_DEBUG_INFO = YES;
				ONLY_ACTIVE_ARCH = YES;
				SDKROOT = iphoneos;
				SWIFT_ACTIVE_COMPILATION_CONDITIONS = DEBUG;
				SWIFT_OPTIMIZATION_LEVEL = "-Onone";
				TARGETED_DEVICE_FAMILY = "1,2";
			};
			name = Debug;
		};
		FEE7C78C1EEC4D9F00D75C03 /* Release */ = {
			isa = XCBuildConfiguration;
			buildSettings = {
				ALWAYS_SEARCH_USER_PATHS = NO;
				CLANG_ANALYZER_NONNULL = YES;
				CLANG_ANALYZER_NUMBER_OBJECT_CONVERSION = YES_AGGRESSIVE;
				CLANG_CXX_LANGUAGE_STANDARD = "gnu++0x";
				CLANG_CXX_LIBRARY = "libc++";
				CLANG_ENABLE_MODULES = YES;
				CLANG_ENABLE_OBJC_ARC = YES;
				CLANG_WARN_BOOL_CONVERSION = YES;
				CLANG_WARN_CONSTANT_CONVERSION = YES;
				CLANG_WARN_DIRECT_OBJC_ISA_USAGE = YES_ERROR;
				CLANG_WARN_DOCUMENTATION_COMMENTS = YES;
				CLANG_WARN_EMPTY_BODY = YES;
				CLANG_WARN_ENUM_CONVERSION = YES;
				CLANG_WARN_INFINITE_RECURSION = YES;
				CLANG_WARN_INT_CONVERSION = YES;
				CLANG_WARN_OBJC_ROOT_CLASS = YES_ERROR;
				CLANG_WARN_SUSPICIOUS_MOVE = YES;
				CLANG_WARN_UNREACHABLE_CODE = YES;
				CLANG_WARN__DUPLICATE_METHOD_MATCH = YES;
				"CODE_SIGN_IDENTITY[sdk=iphoneos*]" = "iPhone Developer";
				COPY_PHASE_STRIP = NO;
				DEBUG_INFORMATION_FORMAT = "dwarf-with-dsym";
				ENABLE_NS_ASSERTIONS = NO;
				ENABLE_STRICT_OBJC_MSGSEND = YES;
				GCC_C_LANGUAGE_STANDARD = gnu99;
				GCC_NO_COMMON_BLOCKS = YES;
				GCC_WARN_64_TO_32_BIT_CONVERSION = YES;
				GCC_WARN_ABOUT_RETURN_TYPE = YES_ERROR;
				GCC_WARN_UNDECLARED_SELECTOR = YES;
				GCC_WARN_UNINITIALIZED_AUTOS = YES_AGGRESSIVE;
				GCC_WARN_UNUSED_FUNCTION = YES;
				GCC_WARN_UNUSED_VARIABLE = YES;
				IPHONEOS_DEPLOYMENT_TARGET = 10.3;
				MTL_ENABLE_DEBUG_INFO = NO;
				SDKROOT = iphoneos;
				SWIFT_OPTIMIZATION_LEVEL = "-Owholemodule";
				TARGETED_DEVICE_FAMILY = "1,2";
				VALIDATE_PRODUCT = YES;
			};
			name = Release;
		};
		FEE7C78E1EEC4D9F00D75C03 /* Debug */ = {
			isa = XCBuildConfiguration;
			baseConfigurationReference = 2AF514B41981E9B7020E7AB7 /* Pods-PetHelper.debug.xcconfig */;
			buildSettings = {
				ASSETCATALOG_COMPILER_APPICON_NAME = AppIcon;
				INFOPLIST_FILE = PetHelper/Info.plist;
				LD_RUNPATH_SEARCH_PATHS = "$(inherited) @executable_path/Frameworks";
				PRODUCT_BUNDLE_IDENTIFIER = lulong205.PetHelper;
				PRODUCT_NAME = "$(TARGET_NAME)";
				SWIFT_VERSION = 3.0;
			};
			name = Debug;
		};
		FEE7C78F1EEC4D9F00D75C03 /* Release */ = {
			isa = XCBuildConfiguration;
			baseConfigurationReference = A0502D16141E9B53A755CFC9 /* Pods-PetHelper.release.xcconfig */;
			buildSettings = {
				ASSETCATALOG_COMPILER_APPICON_NAME = AppIcon;
				INFOPLIST_FILE = PetHelper/Info.plist;
				LD_RUNPATH_SEARCH_PATHS = "$(inherited) @executable_path/Frameworks";
				PRODUCT_BUNDLE_IDENTIFIER = lulong205.PetHelper;
				PRODUCT_NAME = "$(TARGET_NAME)";
				SWIFT_VERSION = 3.0;
			};
			name = Release;
		};
/* End XCBuildConfiguration section */

/* Begin XCConfigurationList section */
		FEE7C7761EEC4D9E00D75C03 /* Build configuration list for PBXProject "PetHelper" */ = {
			isa = XCConfigurationList;
			buildConfigurations = (
				FEE7C78B1EEC4D9F00D75C03 /* Debug */,
				FEE7C78C1EEC4D9F00D75C03 /* Release */,
			);
			defaultConfigurationIsVisible = 0;
			defaultConfigurationName = Release;
		};
		FEE7C78D1EEC4D9F00D75C03 /* Build configuration list for PBXNativeTarget "PetHelper" */ = {
			isa = XCConfigurationList;
			buildConfigurations = (
				FEE7C78E1EEC4D9F00D75C03 /* Debug */,
				FEE7C78F1EEC4D9F00D75C03 /* Release */,
			);
			defaultConfigurationIsVisible = 0;
			defaultConfigurationName = Release;
		};
/* End XCConfigurationList section */
	};
	rootObject = FEE7C7731EEC4D9E00D75C03 /* Project object */;
}
